
Microsoft Visual Studio Solution File, Format Version 12.00
# Visual Studio Version 16
VisualStudioVersion = 16.0.30406.217
MinimumVisualStudioVersion = 10.0.40219.1
Project("{FAE04EC0-301F-11D3-BF4B-00C04F79EFBC}") = "Main", "Main\Main.csproj", "{7CB8D509-DF14-4747-9BD5-3D345C424D23}"
EndProject
Project("{FAE04EC0-301F-11D3-BF4B-00C04F79EFBC}") = "Core", "Core\Core.csproj", "{AE1EAA63-11FF-4D82-890A-B066E2EDE4C3}"
EndProject
Project("{FAE04EC0-301F-11D3-BF4B-00C04F79EFBC}") = "ModuleRight", "ModuleRight\ModuleRight.csproj", "{D9A2D2C4-2A62-4945-8AAA-91AA4FA15D06}"
EndProject
Project("{FAE04EC0-301F-11D3-BF4B-00C04F79EFBC}") = "ModuleLeft", "ModuleLeft\ModuleLeft.csproj", "{1FB9B2EB-B814-4D22-B427-0B0C59B620E0}"
EndProject
Project("{FAE04EC0-301F-11D3-BF4B-00C04F79EFBC}") = "ModuleTop", "ModuleTop\ModuleTop.csproj", "{7CD03234-633E-444E-AA7E-1E2E2F21BAD1}"
EndProject
Project("{FAE04EC0-301F-11D3-BF4B-00C04F79EFBC}") = "ModuleBackground", "ModuleBackground\ModuleBackground.csproj", "{6B7E14F4-462F-4963-A4FA-0FC4D33E4AE0}"
EndProject
Global
	GlobalSection(SolutionConfigurationPlatforms) = preSolution
		Debug|Any CPU = Debug|Any CPU
		Release|Any CPU = Release|Any CPU
	EndGlobalSection
	GlobalSection(ProjectConfigurationPlatforms) = postSolution
		{7CB8D509-DF14-4747-9BD5-3D345C424D23}.Debug|Any CPU.ActiveCfg = Debug|Any CPU
		{7CB8D509-DF14-4747-9BD5-3D345C424D23}.Debug|Any CPU.Build.0 = Debug|Any CPU
		{7CB8D509-DF14-4747-9BD5-3D345C424D23}.Release|Any CPU.ActiveCfg = Release|Any CPU
		{7CB8D509-DF14-4747-9BD5-3D345C424D23}.Release|Any CPU.Build.0 = Release|Any CPU
		{AE1EAA63-11FF-4D82-890A-B066E2EDE4C3}.Debug|Any CPU.ActiveCfg = Debug|Any CPU
		{AE1EAA63-11FF-4D82-890A-B066E2EDE4C3}.Debug|Any CPU.Build.0 = Debug|Any CPU
		{AE1EAA63-11FF-4D82-890A-B066E2EDE4C3}.Release|Any CPU.ActiveCfg = Release|Any CPU
		{AE1EAA63-11FF-4D82-890A-B066E2EDE4C3}.Release|Any CPU.Build.0 = Release|Any CPU
		{D9A2D2C4-2A62-4945-8AAA-91AA4FA15D06}.Debug|Any CPU.ActiveCfg = Debug|Any CPU
		{D9A2D2C4-2A62-4945-8AAA-91AA4FA15D06}.Debug|Any CPU.Build.0 = Debug|Any CPU
		{D9A2D2C4-2A62-4945-8AAA-91AA4FA15D06}.Release|Any CPU.ActiveCfg = Release|Any CPU
		{D9A2D2C4-2A62-4945-8AAA-91AA4FA15D06}.Release|Any CPU.Build.0 = Release|Any CPU
		{1FB9B2EB-B814-4D22-B427-0B0C59B620E0}.Debug|Any CPU.ActiveCfg = Debug|Any CPU
		{1FB9B2EB-B814-4D22-B427-0B0C59B620E0}.Debug|Any CPU.Build.0 = Debug|Any CPU
		{1FB9B2EB-B814-4D22-B427-0B0C59B620E0}.Release|Any CPU.ActiveCfg = Release|Any CPU
		{1FB9B2EB-B814-4D22-B427-0B0C59B620E0}.Release|Any CPU.Build.0 = Release|Any CPU
		{7CD03234-633E-444E-AA7E-1E2E2F21BAD1}.Debug|Any CPU.ActiveCfg = Debug|Any CPU
		{7CD03234-633E-444E-AA7E-1E2E2F21BAD1}.Debug|Any CPU.Build.0 = Debug|Any CPU
		{7CD03234-633E-444E-AA7E-1E2E2F21BAD1}.Release|Any CPU.ActiveCfg = Release|Any CPU
		{7CD03234-633E-444E-AA7E-1E2E2F21BAD1}.Release|Any CPU.Build.0 = Release|Any CPU
		{6B7E14F4-462F-4963-A4FA-0FC4D33E4AE0}.Debug|Any CPU.ActiveCfg = Debug|Any CPU
		{6B7E14F4-462F-4963-A4FA-0FC4D33E4AE0}.Debug|Any CPU.Build.0 = Debug|Any CPU
		{6B7E14F4-462F-4963-A4FA-0FC4D33E4AE0}.Release|Any CPU.ActiveCfg = Release|Any CPU
		{6B7E14F4-462F-4963-A4FA-0FC4D33E4AE0}.Release|Any CPU.Build.0 = Release|Any CPU
	EndGlobalSection
	GlobalSection(SolutionProperties) = preSolution
		HideSolutionNode = FALSE
	EndGlobalSection
	GlobalSection(ExtensibilityGlobals) = postSolution
		SolutionGuid = {BFB5F3D0-BE31-48BE-AB9E-8A110F92D06E}
	EndGlobalSection
EndGlobal
